// !$*UTF8*$!
{
	archiveVersion = 1;
	classes = {
	};
	objectVersion = 50;
	objects = {

/* Begin PBXBuildFile section */
		87D6AB8624A1B7EB00CA9309 /* AppDelegate.m in Sources */ = {isa = PBXBuildFile; fileRef = 87D6AB8524A1B7EB00CA9309 /* AppDelegate.m */; };
		87D6AB8924A1B7EB00CA9309 /* SceneDelegate.m in Sources */ = {isa = PBXBuildFile; fileRef = 87D6AB8824A1B7EB00CA9309 /* SceneDelegate.m */; };
		87D6AB8C24A1B7EB00CA9309 /* ViewController.m in Sources */ = {isa = PBXBuildFile; fileRef = 87D6AB8B24A1B7EB00CA9309 /* ViewController.m */; };
		87D6AB8F24A1B7EB00CA9309 /* Main.storyboard in Resources */ = {isa = PBXBuildFile; fileRef = 87D6AB8D24A1B7EB00CA9309 /* Main.storyboard */; };
		87D6AB9124A1B7EB00CA9309 /* Assets.xcassets in Resources */ = {isa = PBXBuildFile; fileRef = 87D6AB9024A1B7EB00CA9309 /* Assets.xcassets */; };
		87D6AB9424A1B7EB00CA9309 /* LaunchScreen.storyboard in Resources */ = {isa = PBXBuildFile; fileRef = 87D6AB9224A1B7EB00CA9309 /* LaunchScreen.storyboard */; };
		87D6AB9724A1B7EB00CA9309 /* main.m in Sources */ = {isa = PBXBuildFile; fileRef = 87D6AB9624A1B7EB00CA9309 /* main.m */; };
		87D6ABA124A1B7EB00CA9309 /* TipsterTests.m in Sources */ = {isa = PBXBuildFile; fileRef = 87D6ABA024A1B7EB00CA9309 /* TipsterTests.m */; };
		87D6ABAC24A1B7EB00CA9309 /* TipsterUITests.m in Sources */ = {isa = PBXBuildFile; fileRef = 87D6ABAB24A1B7EB00CA9309 /* TipsterUITests.m */; };
/* End PBXBuildFile section */

/* Begin PBXContainerItemProxy section */
		87D6AB9D24A1B7EB00CA9309 /* PBXContainerItemProxy */ = {
			isa = PBXContainerItemProxy;
			containerPortal = 87D6AB7924A1B7EB00CA9309 /* Project object */;
			proxyType = 1;
			remoteGlobalIDString = 87D6AB8024A1B7EB00CA9309;
			remoteInfo = Tipster;
		};
		87D6ABA824A1B7EB00CA9309 /* PBXContainerItemProxy */ = {
			isa = PBXContainerItemProxy;
			containerPortal = 87D6AB7924A1B7EB00CA9309 /* Project object */;
			proxyType = 1;
			remoteGlobalIDString = 87D6AB8024A1B7EB00CA9309;
			remoteInfo = Tipster;
		};
/* End PBXContainerItemProxy section */

/* Begin PBXFileReference section */
		87D6AB8124A1B7EB00CA9309 /* Tipster.app */ = {isa = PBXFileReference; explicitFileType = wrapper.application; includeInIndex = 0; path = Tipster.app; sourceTree = BUILT_PRODUCTS_DIR; };
		87D6AB8424A1B7EB00CA9309 /* AppDelegate.h */ = {isa = PBXFileReference; lastKnownFileType = sourcecode.c.h; path = AppDelegate.h; sourceTree = "<group>"; };
		87D6AB8524A1B7EB00CA9309 /* AppDelegate.m */ = {isa = PBXFileReference; lastKnownFileType = sourcecode.c.objc; path = AppDelegate.m; sourceTree = "<group>"; };
		87D6AB8724A1B7EB00CA9309 /* SceneDelegate.h */ = {isa = PBXFileReference; lastKnownFileType = sourcecode.c.h; path = SceneDelegate.h; sourceTree = "<group>"; };
		87D6AB8824A1B7EB00CA9309 /* SceneDelegate.m */ = {isa = PBXFileReference; lastKnownFileType = sourcecode.c.objc; path = SceneDelegate.m; sourceTree = "<group>"; };
		87D6AB8A24A1B7EB00CA9309 /* ViewController.h */ = {isa = PBXFileReference; lastKnownFileType = sourcecode.c.h; path = ViewController.h; sourceTree = "<group>"; };
		87D6AB8B24A1B7EB00CA9309 /* ViewController.m */ = {isa = PBXFileReference; lastKnownFileType = sourcecode.c.objc; path = ViewController.m; sourceTree = "<group>"; };
		87D6AB8E24A1B7EB00CA9309 /* Base */ = {isa = PBXFileReference; lastKnownFileType = file.storyboard; name = Base; path = Base.lproj/Main.storyboard; sourceTree = "<group>"; };
		87D6AB9024A1B7EB00CA9309 /* Assets.xcassets */ = {isa = PBXFileReference; lastKnownFileType = folder.assetcatalog; path = Assets.xcassets; sourceTree = "<group>"; };
		87D6AB9324A1B7EB00CA9309 /* Base */ = {isa = PBXFileReference; lastKnownFileType = file.storyboard; name = Base; path = Base.lproj/LaunchScreen.storyboard; sourceTree = "<group>"; };
		87D6AB9524A1B7EB00CA9309 /* Info.plist */ = {isa = PBXFileReference; lastKnownFileType = text.plist.xml; path = Info.plist; sourceTree = "<group>"; };
		87D6AB9624A1B7EB00CA9309 /* main.m */ = {isa = PBXFileReference; lastKnownFileType = sourcecode.c.objc; path = main.m; sourceTree = "<group>"; };
		87D6AB9C24A1B7EB00CA9309 /* TipsterTests.xctest */ = {isa = PBXFileReference; explicitFileType = wrapper.cfbundle; includeInIndex = 0; path = TipsterTests.xctest; sourceTree = BUILT_PRODUCTS_DIR; };
		87D6ABA024A1B7EB00CA9309 /* TipsterTests.m */ = {isa = PBXFileReference; lastKnownFileType = sourcecode.c.objc; path = TipsterTests.m; sourceTree = "<group>"; };
		87D6ABA224A1B7EB00CA9309 /* Info.plist */ = {isa = PBXFileReference; lastKnownFileType = text.plist.xml; path = Info.plist; sourceTree = "<group>"; };
		87D6ABA724A1B7EB00CA9309 /* TipsterUITests.xctest */ = {isa = PBXFileReference; explicitFileType = wrapper.cfbundle; includeInIndex = 0; path = TipsterUITests.xctest; sourceTree = BUILT_PRODUCTS_DIR; };
		87D6ABAB24A1B7EB00CA9309 /* TipsterUITests.m */ = {isa = PBXFileReference; lastKnownFileType = sourcecode.c.objc; path = TipsterUITests.m; sourceTree = "<group>"; };
		87D6ABAD24A1B7EB00CA9309 /* Info.plist */ = {isa = PBXFileReference; lastKnownFileType = text.plist.xml; path = Info.plist; sourceTree = "<group>"; };
/* End PBXFileReference section */

/* Begin PBXFrameworksBuildPhase section */
		87D6AB7E24A1B7EB00CA9309 /* Frameworks */ = {
			isa = PBXFrameworksBuildPhase;
			buildActionMask = 2147483647;
			files = (
			);
			runOnlyForDeploymentPostprocessing = 0;
		};
		87D6AB9924A1B7EB00CA9309 /* Frameworks */ = {
			isa = PBXFrameworksBuildPhase;
			buildActionMask = 2147483647;
			files = (
			);
			runOnlyForDeploymentPostprocessing = 0;
		};
		87D6ABA424A1B7EB00CA9309 /* Frameworks */ = {
			isa = PBXFrameworksBuildPhase;
			buildActionMask = 2147483647;
			files = (
			);
			runOnlyForDeploymentPostprocessing = 0;
		};
/* End PBXFrameworksBuildPhase section */

/* Begin PBXGroup section */
		87D6AB7824A1B7EB00CA9309 = {
			isa = PBXGroup;
			children = (
				87D6AB8324A1B7EB00CA9309 /* Tipster */,
				87D6AB9F24A1B7EB00CA9309 /* TipsterTests */,
				87D6ABAA24A1B7EB00CA9309 /* TipsterUITests */,
				87D6AB8224A1B7EB00CA9309 /* Products */,
			);
			sourceTree = "<group>";
		};
		87D6AB8224A1B7EB00CA9309 /* Products */ = {
			isa = PBXGroup;
			children = (
				87D6AB8124A1B7EB00CA9309 /* Tipster.app */,
				87D6AB9C24A1B7EB00CA9309 /* TipsterTests.xctest */,
				87D6ABA724A1B7EB00CA9309 /* TipsterUITests.xctest */,
			);
			name = Products;
			sourceTree = "<group>";
		};
		87D6AB8324A1B7EB00CA9309 /* Tipster */ = {
			isa = PBXGroup;
			children = (
				87D6AB8424A1B7EB00CA9309 /* AppDelegate.h */,
				87D6AB8524A1B7EB00CA9309 /* AppDelegate.m */,
				87D6AB8724A1B7EB00CA9309 /* SceneDelegate.h */,
				87D6AB8824A1B7EB00CA9309 /* SceneDelegate.m */,
				87D6AB8A24A1B7EB00CA9309 /* ViewController.h */,
				87D6AB8B24A1B7EB00CA9309 /* ViewController.m */,
				87D6AB8D24A1B7EB00CA9309 /* Main.storyboard */,
				87D6AB9024A1B7EB00CA9309 /* Assets.xcassets */,
				87D6AB9224A1B7EB00CA9309 /* LaunchScreen.storyboard */,
				87D6AB9524A1B7EB00CA9309 /* Info.plist */,
				87D6AB9624A1B7EB00CA9309 /* main.m */,
			);
			path = Tipster;
			sourceTree = "<group>";
		};
		87D6AB9F24A1B7EB00CA9309 /* TipsterTests */ = {
			isa = PBXGroup;
			children = (
				87D6ABA024A1B7EB00CA9309 /* TipsterTests.m */,
				87D6ABA224A1B7EB00CA9309 /* Info.plist */,
			);
			path = TipsterTests;
			sourceTree = "<group>";
		};
		87D6ABAA24A1B7EB00CA9309 /* TipsterUITests */ = {
			isa = PBXGroup;
			children = (
				87D6ABAB24A1B7EB00CA9309 /* TipsterUITests.m */,
				87D6ABAD24A1B7EB00CA9309 /* Info.plist */,
			);
			path = TipsterUITests;
			sourceTree = "<group>";
		};
/* End PBXGroup section */

/* Begin PBXNativeTarget section */
		87D6AB8024A1B7EB00CA9309 /* Tipster */ = {
			isa = PBXNativeTarget;
			buildConfigurationList = 87D6ABB024A1B7EB00CA9309 /* Build configuration list for PBXNativeTarget "Tipster" */;
			buildPhases = (
				87D6AB7D24A1B7EB00CA9309 /* Sources */,
				87D6AB7E24A1B7EB00CA9309 /* Frameworks */,
				87D6AB7F24A1B7EB00CA9309 /* Resources */,
			);
			buildRules = (
			);
			dependencies = (
			);
			name = Tipster;
			productName = Tipster;
			productReference = 87D6AB8124A1B7EB00CA9309 /* Tipster.app */;
			productType = "com.apple.product-type.application";
		};
		87D6AB9B24A1B7EB00CA9309 /* TipsterTests */ = {
			isa = PBXNativeTarget;
			buildConfigurationList = 87D6ABB324A1B7EB00CA9309 /* Build configuration list for PBXNativeTarget "TipsterTests" */;
			buildPhases = (
				87D6AB9824A1B7EB00CA9309 /* Sources */,
				87D6AB9924A1B7EB00CA9309 /* Frameworks */,
				87D6AB9A24A1B7EB00CA9309 /* Resources */,
			);
			buildRules = (
			);
			dependencies = (
				87D6AB9E24A1B7EB00CA9309 /* PBXTargetDependency */,
			);
			name = TipsterTests;
			productName = TipsterTests;
			productReference = 87D6AB9C24A1B7EB00CA9309 /* TipsterTests.xctest */;
			productType = "com.apple.product-type.bundle.unit-test";
		};
		87D6ABA624A1B7EB00CA9309 /* TipsterUITests */ = {
			isa = PBXNativeTarget;
			buildConfigurationList = 87D6ABB624A1B7EB00CA9309 /* Build configuration list for PBXNativeTarget "TipsterUITests" */;
			buildPhases = (
				87D6ABA324A1B7EB00CA9309 /* Sources */,
				87D6ABA424A1B7EB00CA9309 /* Frameworks */,
				87D6ABA524A1B7EB00CA9309 /* Resources */,
			);
			buildRules = (
			);
			dependencies = (
				87D6ABA924A1B7EB00CA9309 /* PBXTargetDependency */,
			);
			name = TipsterUITests;
			productName = TipsterUITests;
			productReference = 87D6ABA724A1B7EB00CA9309 /* TipsterUITests.xctest */;
			productType = "com.apple.product-type.bundle.ui-testing";
		};
/* End PBXNativeTarget section */

/* Begin PBXProject section */
		87D6AB7924A1B7EB00CA9309 /* Project object */ = {
			isa = PBXProject;
			attributes = {
				LastUpgradeCheck = 1150;
				ORGANIZATIONNAME = "You Yuan";
				TargetAttributes = {
					87D6AB8024A1B7EB00CA9309 = {
						CreatedOnToolsVersion = 11.5;
					};
					87D6AB9B24A1B7EB00CA9309 = {
						CreatedOnToolsVersion = 11.5;
						TestTargetID = 87D6AB8024A1B7EB00CA9309;
					};
					87D6ABA624A1B7EB00CA9309 = {
						CreatedOnToolsVersion = 11.5;
						TestTargetID = 87D6AB8024A1B7EB00CA9309;
					};
				};
			};
			buildConfigurationList = 87D6AB7C24A1B7EB00CA9309 /* Build configuration list for PBXProject "Tipster" */;
			compatibilityVersion = "Xcode 9.3";
			developmentRegion = en;
			hasScannedForEncodings = 0;
			knownRegions = (
				en,
				Base,
			);
			mainGroup = 87D6AB7824A1B7EB00CA9309;
			productRefGroup = 87D6AB8224A1B7EB00CA9309 /* Products */;
			projectDirPath = "";
			projectRoot = "";
			targets = (
				87D6AB8024A1B7EB00CA9309 /* Tipster */,
				87D6AB9B24A1B7EB00CA9309 /* TipsterTests */,
				87D6ABA624A1B7EB00CA9309 /* TipsterUITests */,
			);
		};
/* End PBXProject section */

/* Begin PBXResourcesBuildPhase section */
		87D6AB7F24A1B7EB00CA9309 /* Resources */ = {
			isa = PBXResourcesBuildPhase;
			buildActionMask = 2147483647;
			files = (
				87D6AB9424A1B7EB00CA9309 /* LaunchScreen.storyboard in Resources */,
				87D6AB9124A1B7EB00CA9309 /* Assets.xcassets in Resources */,
				87D6AB8F24A1B7EB00CA9309 /* Main.storyboard in Resources */,
			);
			runOnlyForDeploymentPostprocessing = 0;
		};
		87D6AB9A24A1B7EB00CA9309 /* Resources */ = {
			isa = PBXResourcesBuildPhase;
			buildActionMask = 2147483647;
			files = (
			);
			runOnlyForDeploymentPostprocessing = 0;
		};
		87D6ABA524A1B7EB00CA9309 /* Resources */ = {
			isa = PBXResourcesBuildPhase;
			buildActionMask = 2147483647;
			files = (
			);
			runOnlyForDeploymentPostprocessing = 0;
		};
/* End PBXResourcesBuildPhase section */

/* Begin PBXSourcesBuildPhase section */
		87D6AB7D24A1B7EB00CA9309 /* Sources */ = {
			isa = PBXSourcesBuildPhase;
			buildActionMask = 2147483647;
			files = (
				87D6AB8C24A1B7EB00CA9309 /* ViewController.m in Sources */,
				87D6AB8624A1B7EB00CA9309 /* AppDelegate.m in Sources */,
				87D6AB9724A1B7EB00CA9309 /* main.m in Sources */,
				87D6AB8924A1B7EB00CA9309 /* SceneDelegate.m in Sources */,
			);
			runOnlyForDeploymentPostprocessing = 0;
		};
		87D6AB9824A1B7EB00CA9309 /* Sources */ = {
			isa = PBXSourcesBuildPhase;
			buildActionMask = 2147483647;
			files = (
				87D6ABA124A1B7EB00CA9309 /* TipsterTests.m in Sources */,
			);
			runOnlyForDeploymentPostprocessing = 0;
		};
		87D6ABA324A1B7EB00CA9309 /* Sources */ = {
			isa = PBXSourcesBuildPhase;
			buildActionMask = 2147483647;
			files = (
				87D6ABAC24A1B7EB00CA9309 /* TipsterUITests.m in Sources */,
			);
			runOnlyForDeploymentPostprocessing = 0;
		};
/* End PBXSourcesBuildPhase section */

/* Begin PBXTargetDependency section */
		87D6AB9E24A1B7EB00CA9309 /* PBXTargetDependency */ = {
			isa = PBXTargetDependency;
			target = 87D6AB8024A1B7EB00CA9309 /* Tipster */;
			targetProxy = 87D6AB9D24A1B7EB00CA9309 /* PBXContainerItemProxy */;
		};
		87D6ABA924A1B7EB00CA9309 /* PBXTargetDependency */ = {
			isa = PBXTargetDependency;
			target = 87D6AB8024A1B7EB00CA9309 /* Tipster */;
			targetProxy = 87D6ABA824A1B7EB00CA9309 /* PBXContainerItemProxy */;
		};
/* End PBXTargetDependency section */

/* Begin PBXVariantGroup section */
		87D6AB8D24A1B7EB00CA9309 /* Main.storyboard */ = {
			isa = PBXVariantGroup;
			children = (
				87D6AB8E24A1B7EB00CA9309 /* Base */,
			);
			name = Main.storyboard;
			sourceTree = "<group>";
		};
		87D6AB9224A1B7EB00CA9309 /* LaunchScreen.storyboard */ = {
			isa = PBXVariantGroup;
			children = (
				87D6AB9324A1B7EB00CA9309 /* Base */,
			);
			name = LaunchScreen.storyboard;
			sourceTree = "<group>";
		};
/* End PBXVariantGroup section */

/* Begin XCBuildConfiguration section */
		87D6ABAE24A1B7EB00CA9309 /* Debug */ = {
			isa = XCBuildConfiguration;
			buildSettings = {
				ALWAYS_SEARCH_USER_PATHS = NO;
				CLANG_ANALYZER_NONNULL = YES;
				CLANG_ANALYZER_NUMBER_OBJECT_CONVERSION = YES_AGGRESSIVE;
				CLANG_CXX_LANGUAGE_STANDARD = "gnu++14";
				CLANG_CXX_LIBRARY = "libc++";
				CLANG_ENABLE_MODULES = YES;
				CLANG_ENABLE_OBJC_ARC = YES;
				CLANG_ENABLE_OBJC_WEAK = YES;
				CLANG_WARN_BLOCK_CAPTURE_AUTORELEASING = YES;
				CLANG_WARN_BOOL_CONVERSION = YES;
				CLANG_WARN_COMMA = YES;
				CLANG_WARN_CONSTANT_CONVERSION = YES;
				CLANG_WARN_DEPRECATED_OBJC_IMPLEMENTATIONS = YES;
				CLANG_WARN_DIRECT_OBJC_ISA_USAGE = YES_ERROR;
				CLANG_WARN_DOCUMENTATION_COMMENTS = YES;
				CLANG_WARN_EMPTY_BODY = YES;
				CLANG_WARN_ENUM_CONVERSION = YES;
				CLANG_WARN_INFINITE_RECURSION = YES;
				CLANG_WARN_INT_CONVERSION = YES;
				CLANG_WARN_NON_LITERAL_NULL_CONVERSION = YES;
				CLANG_WARN_OBJC_IMPLICIT_RETAIN_SELF = YES;
				CLANG_WARN_OBJC_LITERAL_CONVERSION = YES;
				CLANG_WARN_OBJC_ROOT_CLASS = YES_ERROR;
				CLANG_WARN_RANGE_LOOP_ANALYSIS = YES;
				CLANG_WARN_STRICT_PROTOTYPES = YES;
				CLANG_WARN_SUSPICIOUS_MOVE = YES;
				CLANG_WARN_UNGUARDED_AVAILABILITY = YES_AGGRESSIVE;
				CLANG_WARN_UNREACHABLE_CODE = YES;
				CLANG_WARN__DUPLICATE_METHOD_MATCH = YES;
				COPY_PHASE_STRIP = NO;
				DEBUG_INFORMATION_FORMAT = dwarf;
				ENABLE_STRICT_OBJC_MSGSEND = YES;
				ENABLE_TESTABILITY = YES;
				GCC_C_LANGUAGE_STANDARD = gnu11;
				GCC_DYNAMIC_NO_PIC = NO;
				GCC_NO_COMMON_BLOCKS = YES;
				GCC_OPTIMIZATION_LEVEL = 0;
				GCC_PREPROCESSOR_DEFINITIONS = (
					"DEBUG=1",
					"$(inherited)",
				);
				GCC_WARN_64_TO_32_BIT_CONVERSION = YES;
				GCC_WARN_ABOUT_RETURN_TYPE = YES_ERROR;
				GCC_WARN_UNDECLARED_SELECTOR = YES;
				GCC_WARN_UNINITIALIZED_AUTOS = YES_AGGRESSIVE;
				GCC_WARN_UNUSED_FUNCTION = YES;
				GCC_WARN_UNUSED_VARIABLE = YES;
				IPHONEOS_DEPLOYMENT_TARGET = 13.5;
				MTL_ENABLE_DEBUG_INFO = INCLUDE_SOURCE;
				MTL_FAST_MATH = YES;
				ONLY_ACTIVE_ARCH = YES;
				SDKROOT = iphoneos;
			};
			name = Debug;
		};
		87D6ABAF24A1B7EB00CA9309 /* Release */ = {
			isa = XCBuildConfiguration;
			buildSettings = {
				ALWAYS_SEARCH_USER_PATHS = NO;
				CLANG_ANALYZER_NONNULL = YES;
				CLANG_ANALYZER_NUMBER_OBJECT_CONVERSION = YES_AGGRESSIVE;
				CLANG_CXX_LANGUAGE_STANDARD = "gnu++14";
				CLANG_CXX_LIBRARY = "libc++";
				CLANG_ENABLE_MODULES = YES;
				CLANG_ENABLE_OBJC_ARC = YES;
				CLANG_ENABLE_OBJC_WEAK = YES;
				CLANG_WARN_BLOCK_CAPTURE_AUTORELEASING = YES;
				CLANG_WARN_BOOL_CONVERSION = YES;
				CLANG_WARN_COMMA = YES;
				CLANG_WARN_CONSTANT_CONVERSION = YES;
				CLANG_WARN_DEPRECATED_OBJC_IMPLEMENTATIONS = YES;
				CLANG_WARN_DIRECT_OBJC_ISA_USAGE = YES_ERROR;
				CLANG_WARN_DOCUMENTATION_COMMENTS = YES;
				CLANG_WARN_EMPTY_BODY = YES;
				CLANG_WARN_ENUM_CONVERSION = YES;
				CLANG_WARN_INFINITE_RECURSION = YES;
				CLANG_WARN_INT_CONVERSION = YES;
				CLANG_WARN_NON_LITERAL_NULL_CONVERSION = YES;
				CLANG_WARN_OBJC_IMPLICIT_RETAIN_SELF = YES;
				CLANG_WARN_OBJC_LITERAL_CONVERSION = YES;
				CLANG_WARN_OBJC_ROOT_CLASS = YES_ERROR;
				CLANG_WARN_RANGE_LOOP_ANALYSIS = YES;
				CLANG_WARN_STRICT_PROTOTYPES = YES;
				CLANG_WARN_SUSPICIOUS_MOVE = YES;
				CLANG_WARN_UNGUARDED_AVAILABILITY = YES_AGGRESSIVE;
				CLANG_WARN_UNREACHABLE_CODE = YES;
				CLANG_WARN__DUPLICATE_METHOD_MATCH = YES;
				COPY_PHASE_STRIP = NO;
				DEBUG_INFORMATION_FORMAT = "dwarf-with-dsym";
				ENABLE_NS_ASSERTIONS = NO;
				ENABLE_STRICT_OBJC_MSGSEND = YES;
				GCC_C_LANGUAGE_STANDARD = gnu11;
				GCC_NO_COMMON_BLOCKS = YES;
				GCC_WARN_64_TO_32_BIT_CONVERSION = YES;
				GCC_WARN_ABOUT_RETURN_TYPE = YES_ERROR;
				GCC_WARN_UNDECLARED_SELECTOR = YES;
				GCC_WARN_UNINITIALIZED_AUTOS = YES_AGGRESSIVE;
				GCC_WARN_UNUSED_FUNCTION = YES;
				GCC_WARN_UNUSED_VARIABLE = YES;
				IPHONEOS_DEPLOYMENT_TARGET = 13.5;
				MTL_ENABLE_DEBUG_INFO = NO;
				MTL_FAST_MATH = YES;
				SDKROOT = iphoneos;
				VALIDATE_PRODUCT = YES;
			};
			name = Release;
		};
		87D6ABB124A1B7EB00CA9309 /* Debug */ = {
			isa = XCBuildConfiguration;
			buildSettings = {
				ASSETCATALOG_COMPILER_APPICON_NAME = AppIcon;
				CODE_SIGN_STYLE = Automatic;
				INFOPLIST_FILE = Tipster/Info.plist;
				LD_RUNPATH_SEARCH_PATHS = (
					"$(inherited)",
					"@executable_path/Frameworks",
				);
				PRODUCT_BUNDLE_IDENTIFIER = com.codepath.Tipster;
				PRODUCT_NAME = "$(TARGET_NAME)";
				TARGETED_DEVICE_FAMILY = "1,2";
			};
			name = Debug;
		};
		87D6ABB224A1B7EB00CA9309 /* Release */ = {
			isa = XCBuildConfiguration;
			buildSettings = {
				ASSETCATALOG_COMPILER_APPICON_NAME = AppIcon;
				CODE_SIGN_STYLE = Automatic;
				INFOPLIST_FILE = Tipster/Info.plist;
				LD_RUNPATH_SEARCH_PATHS = (
					"$(inherited)",
					"@executable_path/Frameworks",
				);
				PRODUCT_BUNDLE_IDENTIFIER = com.codepath.Tipster;
				PRODUCT_NAME = "$(TARGET_NAME)";
				TARGETED_DEVICE_FAMILY = "1,2";
			};
			name = Release;
		};
		87D6ABB424A1B7EB00CA9309 /* Debug */ = {
			isa = XCBuildConfiguration;
			buildSettings = {
				BUNDLE_LOADER = "$(TEST_HOST)";
				CODE_SIGN_STYLE = Automatic;
				INFOPLIST_FILE = TipsterTests/Info.plist;
				IPHONEOS_DEPLOYMENT_TARGET = 13.5;
				LD_RUNPATH_SEARCH_PATHS = (
					"$(inherited)",
					"@executable_path/Frameworks",
					"@loader_path/Frameworks",
				);
				PRODUCT_BUNDLE_IDENTIFIER = com.codepath.TipsterTests;
				PRODUCT_NAME = "$(TARGET_NAME)";
				TARGETED_DEVICE_FAMILY = "1,2";
				TEST_HOST = "$(BUILT_PRODUCTS_DIR)/Tipster.app/Tipster";
			};
			name = Debug;
		};
		87D6ABB524A1B7EB00CA9309 /* Release */ = {
			isa = XCBuildConfiguration;
			buildSettings = {
				BUNDLE_LOADER = "$(TEST_HOST)";
				CODE_SIGN_STYLE = Automatic;
				INFOPLIST_FILE = TipsterTests/Info.plist;
				IPHONEOS_DEPLOYMENT_TARGET = 13.5;
				LD_RUNPATH_SEARCH_PATHS = (
					"$(inherited)",
					"@executable_path/Frameworks",
					"@loader_path/Frameworks",
				);
				PRODUCT_BUNDLE_IDENTIFIER = com.codepath.TipsterTests;
				PRODUCT_NAME = "$(TARGET_NAME)";
				TARGETED_DEVICE_FAMILY = "1,2";
				TEST_HOST = "$(BUILT_PRODUCTS_DIR)/Tipster.app/Tipster";
			};
			name = Release;
		};
		87D6ABB724A1B7EB00CA9309 /* Debug */ = {
			isa = XCBuildConfiguration;
			buildSettings = {
				CODE_SIGN_STYLE = Automatic;
				INFOPLIST_FILE = TipsterUITests/Info.plist;
				LD_RUNPATH_SEARCH_PATHS = (
					"$(inherited)",
					"@executable_path/Frameworks",
					"@loader_path/Frameworks",
				);
				PRODUCT_BUNDLE_IDENTIFIER = com.codepath.TipsterUITests;
				PRODUCT_NAME = "$(TARGET_NAME)";
				TARGETED_DEVICE_FAMILY = "1,2";
				TEST_TARGET_NAME = Tipster;
			};
			name = Debug;
		};
		87D6ABB824A1B7EB00CA9309 /* Release */ = {
			isa = XCBuildConfiguration;
			buildSettings = {
				CODE_SIGN_STYLE = Automatic;
				INFOPLIST_FILE = TipsterUITests/Info.plist;
				LD_RUNPATH_SEARCH_PATHS = (
					"$(inherited)",
					"@executable_path/Frameworks",
					"@loader_path/Frameworks",
				);
				PRODUCT_BUNDLE_IDENTIFIER = com.codepath.TipsterUITests;
				PRODUCT_NAME = "$(TARGET_NAME)";
				TARGETED_DEVICE_FAMILY = "1,2";
				TEST_TARGET_NAME = Tipster;
			};
			name = Release;
		};
/* End XCBuildConfiguration section */

/* Begin XCConfigurationList section */
		87D6AB7C24A1B7EB00CA9309 /* Build configuration list for PBXProject "Tipster" */ = {
			isa = XCConfigurationList;
			buildConfigurations = (
				87D6ABAE24A1B7EB00CA9309 /* Debug */,
				87D6ABAF24A1B7EB00CA9309 /* Release */,
			);
			defaultConfigurationIsVisible = 0;
			defaultConfigurationName = Release;
		};
		87D6ABB024A1B7EB00CA9309 /* Build configuration list for PBXNativeTarget "Tipster" */ = {
			isa = XCConfigurationList;
			buildConfigurations = (
				87D6ABB124A1B7EB00CA9309 /* Debug */,
				87D6ABB224A1B7EB00CA9309 /* Release */,
			);
			defaultConfigurationIsVisible = 0;
			defaultConfigurationName = Release;
		};
		87D6ABB324A1B7EB00CA9309 /* Build configuration list for PBXNativeTarget "TipsterTests" */ = {
			isa = XCConfigurationList;
			buildConfigurations = (
				87D6ABB424A1B7EB00CA9309 /* Debug */,
				87D6ABB524A1B7EB00CA9309 /* Release */,
			);
			defaultConfigurationIsVisible = 0;
			defaultConfigurationName = Release;
		};
		87D6ABB624A1B7EB00CA9309 /* Build configuration list for PBXNativeTarget "TipsterUITests" */ = {
			isa = XCConfigurationList;
			buildConfigurations = (
				87D6ABB724A1B7EB00CA9309 /* Debug */,
				87D6ABB824A1B7EB00CA9309 /* Release */,
			);
			defaultConfigurationIsVisible = 0;
			defaultConfigurationName = Release;
		};
/* End XCConfigurationList section */
	};
	rootObject = 87D6AB7924A1B7EB00CA9309 /* Project object */;
}
